
Microsoft Visual Studio Solution File, Format Version 12.00
# Visual Studio Version 16
VisualStudioVersion = 16.0.29201.188
MinimumVisualStudioVersion = 10.0.40219.1
Project("{9A19103F-16F7-4668-BE54-9A1E7A4F7556}") = "UndergroundIRO.TradingViewKit.Core", "src\UndergroundIRO.TradingViewKit.Core\UndergroundIRO.TradingViewKit.Core.csproj", "{C6F5B8A2-0EEC-488F-ADFD-D8DA9C005EEF}"
EndProject
Project("{FAE04EC0-301F-11D3-BF4B-00C04F79EFBC}") = "UndergroundIRO.TradingViewKit.Wpf", "src\UndergroundIRO.TradingViewKit.Wpf\UndergroundIRO.TradingViewKit.Wpf.csproj", "{F2D37D11-4775-4B66-8772-0CBBAF60D992}"
EndProject
Project("{2150E333-8FDC-42A3-9474-1A3956D46DE8}") = "Tests", "Tests", "{FEB2F7B7-F227-4693-BE9E-74F71CAC9E2D}"
EndProject
Project("{FAE04EC0-301F-11D3-BF4B-00C04F79EFBC}") = "UndergroundIRO.Tests.TradingViewKitWpf", "tests\UndergroundIRO.Tests.TradingViewKitWpf\UndergroundIRO.Tests.TradingViewKitWpf.csproj", "{A882A586-73CE-4136-80FC-F56A2291D455}"
EndProject
Project("{FAE04EC0-301F-11D3-BF4B-00C04F79EFBC}") = "UndergroundIRO.TradingViewKit.WinForms", "src\UndergroundIRO.TradingViewKit.WinForms\UndergroundIRO.TradingViewKit.WinForms.csproj", "{08A9340A-7861-40AD-8329-F8306CAE276F}"
EndProject
Project("{FAE04EC0-301F-11D3-BF4B-00C04F79EFBC}") = "UndergroundIRO.Tests.TradingViewKitWinForms", "tests\UndergroundIRO.Tests.TradingViewKitWinForms\UndergroundIRO.Tests.TradingViewKitWinForms.csproj", "{7ECFF1DE-C919-4A8B-AFF1-AB2BF80D0A7E}"
EndProject
Global
	GlobalSection(SolutionConfigurationPlatforms) = preSolution
		Debug|Any CPU = Debug|Any CPU
		Debug|x64 = Debug|x64
		Debug|x86 = Debug|x86
		Release|Any CPU = Release|Any CPU
		Release|x64 = Release|x64
		Release|x86 = Release|x86
	EndGlobalSection
	GlobalSection(ProjectConfigurationPlatforms) = postSolution
		{C6F5B8A2-0EEC-488F-ADFD-D8DA9C005EEF}.Debug|Any CPU.ActiveCfg = Debug|Any CPU
		{C6F5B8A2-0EEC-488F-ADFD-D8DA9C005EEF}.Debug|Any CPU.Build.0 = Debug|Any CPU
		{C6F5B8A2-0EEC-488F-ADFD-D8DA9C005EEF}.Debug|x64.ActiveCfg = Debug|x64
		{C6F5B8A2-0EEC-488F-ADFD-D8DA9C005EEF}.Debug|x64.Build.0 = Debug|x64
		{C6F5B8A2-0EEC-488F-ADFD-D8DA9C005EEF}.Debug|x86.ActiveCfg = Debug|x86
		{C6F5B8A2-0EEC-488F-ADFD-D8DA9C005EEF}.Debug|x86.Build.0 = Debug|x86
		{C6F5B8A2-0EEC-488F-ADFD-D8DA9C005EEF}.Release|Any CPU.ActiveCfg = Release|Any CPU
		{C6F5B8A2-0EEC-488F-ADFD-D8DA9C005EEF}.Release|Any CPU.Build.0 = Release|Any CPU
		{C6F5B8A2-0EEC-488F-ADFD-D8DA9C005EEF}.Release|x64.ActiveCfg = Release|x64
		{C6F5B8A2-0EEC-488F-ADFD-D8DA9C005EEF}.Release|x64.Build.0 = Release|x64
		{C6F5B8A2-0EEC-488F-ADFD-D8DA9C005EEF}.Release|x86.ActiveCfg = Release|x86
		{C6F5B8A2-0EEC-488F-ADFD-D8DA9C005EEF}.Release|x86.Build.0 = Release|x86
		{F2D37D11-4775-4B66-8772-0CBBAF60D992}.Debug|Any CPU.ActiveCfg = Debug|Any CPU
		{F2D37D11-4775-4B66-8772-0CBBAF60D992}.Debug|Any CPU.Build.0 = Debug|Any CPU
		{F2D37D11-4775-4B66-8772-0CBBAF60D992}.Debug|x64.ActiveCfg = Debug|x64
		{F2D37D11-4775-4B66-8772-0CBBAF60D992}.Debug|x64.Build.0 = Debug|x64
		{F2D37D11-4775-4B66-8772-0CBBAF60D992}.Debug|x86.ActiveCfg = Debug|x86
		{F2D37D11-4775-4B66-8772-0CBBAF60D992}.Debug|x86.Build.0 = Debug|x86
		{F2D37D11-4775-4B66-8772-0CBBAF60D992}.Release|Any CPU.ActiveCfg = Release|Any CPU
		{F2D37D11-4775-4B66-8772-0CBBAF60D992}.Release|Any CPU.Build.0 = Release|Any CPU
		{F2D37D11-4775-4B66-8772-0CBBAF60D992}.Release|x64.ActiveCfg = Release|x64
		{F2D37D11-4775-4B66-8772-0CBBAF60D992}.Release|x64.Build.0 = Release|x64
		{F2D37D11-4775-4B66-8772-0CBBAF60D992}.Release|x86.ActiveCfg = Release|x86
		{F2D37D11-4775-4B66-8772-0CBBAF60D992}.Release|x86.Build.0 = Release|x86
		{A882A586-73CE-4136-80FC-F56A2291D455}.Debug|Any CPU.ActiveCfg = Debug|Any CPU
		{A882A586-73CE-4136-80FC-F56A2291D455}.Debug|Any CPU.Build.0 = Debug|Any CPU
		{A882A586-73CE-4136-80FC-F56A2291D455}.Debug|x64.ActiveCfg = Debug|x64
		{A882A586-73CE-4136-80FC-F56A2291D455}.Debug|x64.Build.0 = Debug|x64
		{A882A586-73CE-4136-80FC-F56A2291D455}.Debug|x86.ActiveCfg = Debug|Any CPU
		{A882A586-73CE-4136-80FC-F56A2291D455}.Debug|x86.Build.0 = Debug|Any CPU
		{A882A586-73CE-4136-80FC-F56A2291D455}.Release|Any CPU.ActiveCfg = Release|Any CPU
		{A882A586-73CE-4136-80FC-F56A2291D455}.Release|Any CPU.Build.0 = Release|Any CPU
		{A882A586-73CE-4136-80FC-F56A2291D455}.Release|x64.ActiveCfg = Release|x64
		{A882A586-73CE-4136-80FC-F56A2291D455}.Release|x64.Build.0 = Release|x64
		{A882A586-73CE-4136-80FC-F56A2291D455}.Release|x86.ActiveCfg = Release|Any CPU
		{A882A586-73CE-4136-80FC-F56A2291D455}.Release|x86.Build.0 = Release|Any CPU
		{08A9340A-7861-40AD-8329-F8306CAE276F}.Debug|Any CPU.ActiveCfg = Debug|Any CPU
		{08A9340A-7861-40AD-8329-F8306CAE276F}.Debug|Any CPU.Build.0 = Debug|Any CPU
		{08A9340A-7861-40AD-8329-F8306CAE276F}.Debug|x64.ActiveCfg = Debug|Any CPU
		{08A9340A-7861-40AD-8329-F8306CAE276F}.Debug|x64.Build.0 = Debug|Any CPU
		{08A9340A-7861-40AD-8329-F8306CAE276F}.Debug|x86.ActiveCfg = Debug|Any CPU
		{08A9340A-7861-40AD-8329-F8306CAE276F}.Debug|x86.Build.0 = Debug|Any CPU
		{08A9340A-7861-40AD-8329-F8306CAE276F}.Release|Any CPU.ActiveCfg = Release|Any CPU
		{08A9340A-7861-40AD-8329-F8306CAE276F}.Release|Any CPU.Build.0 = Release|Any CPU
		{08A9340A-7861-40AD-8329-F8306CAE276F}.Release|x64.ActiveCfg = Release|Any CPU
		{08A9340A-7861-40AD-8329-F8306CAE276F}.Release|x64.Build.0 = Release|Any CPU
		{08A9340A-7861-40AD-8329-F8306CAE276F}.Release|x86.ActiveCfg = Release|Any CPU
		{08A9340A-7861-40AD-8329-F8306CAE276F}.Release|x86.Build.0 = Release|Any CPU
		{7ECFF1DE-C919-4A8B-AFF1-AB2BF80D0A7E}.Debug|Any CPU.ActiveCfg = Debug|Any CPU
		{7ECFF1DE-C919-4A8B-AFF1-AB2BF80D0A7E}.Debug|Any CPU.Build.0 = Debug|Any CPU
		{7ECFF1DE-C919-4A8B-AFF1-AB2BF80D0A7E}.Debug|x64.ActiveCfg = Debug|x64
		{7ECFF1DE-C919-4A8B-AFF1-AB2BF80D0A7E}.Debug|x64.Build.0 = Debug|x64
		{7ECFF1DE-C919-4A8B-AFF1-AB2BF80D0A7E}.Debug|x86.ActiveCfg = Debug|Any CPU
		{7ECFF1DE-C919-4A8B-AFF1-AB2BF80D0A7E}.Debug|x86.Build.0 = Debug|Any CPU
		{7ECFF1DE-C919-4A8B-AFF1-AB2BF80D0A7E}.Release|Any CPU.ActiveCfg = Release|Any CPU
		{7ECFF1DE-C919-4A8B-AFF1-AB2BF80D0A7E}.Release|Any CPU.Build.0 = Release|Any CPU
		{7ECFF1DE-C919-4A8B-AFF1-AB2BF80D0A7E}.Release|x64.ActiveCfg = Release|x64
		{7ECFF1DE-C919-4A8B-AFF1-AB2BF80D0A7E}.Release|x64.Build.0 = Release|x64
		{7ECFF1DE-C919-4A8B-AFF1-AB2BF80D0A7E}.Release|x86.ActiveCfg = Release|Any CPU
		{7ECFF1DE-C919-4A8B-AFF1-AB2BF80D0A7E}.Release|x86.Build.0 = Release|Any CPU
	EndGlobalSection
	GlobalSection(SolutionProperties) = preSolution
		HideSolutionNode = FALSE
	EndGlobalSection
	GlobalSection(NestedProjects) = preSolution
		{A882A586-73CE-4136-80FC-F56A2291D455} = {FEB2F7B7-F227-4693-BE9E-74F71CAC9E2D}
		{7ECFF1DE-C919-4A8B-AFF1-AB2BF80D0A7E} = {FEB2F7B7-F227-4693-BE9E-74F71CAC9E2D}
	EndGlobalSection
	GlobalSection(ExtensibilityGlobals) = postSolution
		SolutionGuid = {FFB71F92-8609-4157-B571-DECE87D0CED0}
	EndGlobalSection
EndGlobal
